
Microsoft Visual Studio Solution File, Format Version 12.00
# Visual Studio 15
VisualStudioVersion = 15.0.26124.0
MinimumVisualStudioVersion = 15.0.26124.0
Project("{FAE04EC0-301F-11D3-BF4B-00C04F79EFBC}") = "Application", "Application\Application.csproj", "{7759CC72-3253-449D-B709-3291E28AFCF8}"
EndProject
Project("{FAE04EC0-301F-11D3-BF4B-00C04F79EFBC}") = "Domain", "Domain\Domain.csproj", "{6AA32189-FA45-423A-910B-0E2E4F9B4983}"
EndProject
Project("{FAE04EC0-301F-11D3-BF4B-00C04F79EFBC}") = "Persistence", "Persistence\Persistence.csproj", "{E3C3F00A-9707-4833-A520-DD7ACA338E8D}"
EndProject
Project("{FAE04EC0-301F-11D3-BF4B-00C04F79EFBC}") = "API", "API\API.csproj", "{A6B07953-73F0-4DDD-B349-89AAB05F0BDF}"
EndProject
Project("{FAE04EC0-301F-11D3-BF4B-00C04F79EFBC}") = "Infrastructure", "Infrastructure\Infrastructure.csproj", "{CBCB35C4-A2DE-4A42-A5FC-99091FBED986}"
EndProject
Global
	GlobalSection(SolutionConfigurationPlatforms) = preSolution
		Debug|Any CPU = Debug|Any CPU
		Debug|x64 = Debug|x64
		Debug|x86 = Debug|x86
		Release|Any CPU = Release|Any CPU
		Release|x64 = Release|x64
		Release|x86 = Release|x86
	EndGlobalSection
	GlobalSection(SolutionProperties) = preSolution
		HideSolutionNode = FALSE
	EndGlobalSection
	GlobalSection(ProjectConfigurationPlatforms) = postSolution
		{7759CC72-3253-449D-B709-3291E28AFCF8}.Debug|Any CPU.ActiveCfg = Debug|Any CPU
		{7759CC72-3253-449D-B709-3291E28AFCF8}.Debug|Any CPU.Build.0 = Debug|Any CPU
		{7759CC72-3253-449D-B709-3291E28AFCF8}.Debug|x64.ActiveCfg = Debug|Any CPU
		{7759CC72-3253-449D-B709-3291E28AFCF8}.Debug|x64.Build.0 = Debug|Any CPU
		{7759CC72-3253-449D-B709-3291E28AFCF8}.Debug|x86.ActiveCfg = Debug|Any CPU
		{7759CC72-3253-449D-B709-3291E28AFCF8}.Debug|x86.Build.0 = Debug|Any CPU
		{7759CC72-3253-449D-B709-3291E28AFCF8}.Release|Any CPU.ActiveCfg = Release|Any CPU
		{7759CC72-3253-449D-B709-3291E28AFCF8}.Release|Any CPU.Build.0 = Release|Any CPU
		{7759CC72-3253-449D-B709-3291E28AFCF8}.Release|x64.ActiveCfg = Release|Any CPU
		{7759CC72-3253-449D-B709-3291E28AFCF8}.Release|x64.Build.0 = Release|Any CPU
		{7759CC72-3253-449D-B709-3291E28AFCF8}.Release|x86.ActiveCfg = Release|Any CPU
		{7759CC72-3253-449D-B709-3291E28AFCF8}.Release|x86.Build.0 = Release|Any CPU
		{6AA32189-FA45-423A-910B-0E2E4F9B4983}.Debug|Any CPU.ActiveCfg = Debug|Any CPU
		{6AA32189-FA45-423A-910B-0E2E4F9B4983}.Debug|Any CPU.Build.0 = Debug|Any CPU
		{6AA32189-FA45-423A-910B-0E2E4F9B4983}.Debug|x64.ActiveCfg = Debug|Any CPU
		{6AA32189-FA45-423A-910B-0E2E4F9B4983}.Debug|x64.Build.0 = Debug|Any CPU
		{6AA32189-FA45-423A-910B-0E2E4F9B4983}.Debug|x86.ActiveCfg = Debug|Any CPU
		{6AA32189-FA45-423A-910B-0E2E4F9B4983}.Debug|x86.Build.0 = Debug|Any CPU
		{6AA32189-FA45-423A-910B-0E2E4F9B4983}.Release|Any CPU.ActiveCfg = Release|Any CPU
		{6AA32189-FA45-423A-910B-0E2E4F9B4983}.Release|Any CPU.Build.0 = Release|Any CPU
		{6AA32189-FA45-423A-910B-0E2E4F9B4983}.Release|x64.ActiveCfg = Release|Any CPU
		{6AA32189-FA45-423A-910B-0E2E4F9B4983}.Release|x64.Build.0 = Release|Any CPU
		{6AA32189-FA45-423A-910B-0E2E4F9B4983}.Release|x86.ActiveCfg = Release|Any CPU
		{6AA32189-FA45-423A-910B-0E2E4F9B4983}.Release|x86.Build.0 = Release|Any CPU
		{E3C3F00A-9707-4833-A520-DD7ACA338E8D}.Debug|Any CPU.ActiveCfg = Debug|Any CPU
		{E3C3F00A-9707-4833-A520-DD7ACA338E8D}.Debug|Any CPU.Build.0 = Debug|Any CPU
		{E3C3F00A-9707-4833-A520-DD7ACA338E8D}.Debug|x64.ActiveCfg = Debug|Any CPU
		{E3C3F00A-9707-4833-A520-DD7ACA338E8D}.Debug|x64.Build.0 = Debug|Any CPU
		{E3C3F00A-9707-4833-A520-DD7ACA338E8D}.Debug|x86.ActiveCfg = Debug|Any CPU
		{E3C3F00A-9707-4833-A520-DD7ACA338E8D}.Debug|x86.Build.0 = Debug|Any CPU
		{E3C3F00A-9707-4833-A520-DD7ACA338E8D}.Release|Any CPU.ActiveCfg = Release|Any CPU
		{E3C3F00A-9707-4833-A520-DD7ACA338E8D}.Release|Any CPU.Build.0 = Release|Any CPU
		{E3C3F00A-9707-4833-A520-DD7ACA338E8D}.Release|x64.ActiveCfg = Release|Any CPU
		{E3C3F00A-9707-4833-A520-DD7ACA338E8D}.Release|x64.Build.0 = Release|Any CPU
		{E3C3F00A-9707-4833-A520-DD7ACA338E8D}.Release|x86.ActiveCfg = Release|Any CPU
		{E3C3F00A-9707-4833-A520-DD7ACA338E8D}.Release|x86.Build.0 = Release|Any CPU
		{A6B07953-73F0-4DDD-B349-89AAB05F0BDF}.Debug|Any CPU.ActiveCfg = Debug|Any CPU
		{A6B07953-73F0-4DDD-B349-89AAB05F0BDF}.Debug|Any CPU.Build.0 = Debug|Any CPU
		{A6B07953-73F0-4DDD-B349-89AAB05F0BDF}.Debug|x64.ActiveCfg = Debug|Any CPU
		{A6B07953-73F0-4DDD-B349-89AAB05F0BDF}.Debug|x64.Build.0 = Debug|Any CPU
		{A6B07953-73F0-4DDD-B349-89AAB05F0BDF}.Debug|x86.ActiveCfg = Debug|Any CPU
		{A6B07953-73F0-4DDD-B349-89AAB05F0BDF}.Debug|x86.Build.0 = Debug|Any CPU
		{A6B07953-73F0-4DDD-B349-89AAB05F0BDF}.Release|Any CPU.ActiveCfg = Release|Any CPU
		{A6B07953-73F0-4DDD-B349-89AAB05F0BDF}.Release|Any CPU.Build.0 = Release|Any CPU
		{A6B07953-73F0-4DDD-B349-89AAB05F0BDF}.Release|x64.ActiveCfg = Release|Any CPU
		{A6B07953-73F0-4DDD-B349-89AAB05F0BDF}.Release|x64.Build.0 = Release|Any CPU
		{A6B07953-73F0-4DDD-B349-89AAB05F0BDF}.Release|x86.ActiveCfg = Release|Any CPU
		{A6B07953-73F0-4DDD-B349-89AAB05F0BDF}.Release|x86.Build.0 = Release|Any CPU
		{CBCB35C4-A2DE-4A42-A5FC-99091FBED986}.Debug|Any CPU.ActiveCfg = Debug|Any CPU
		{CBCB35C4-A2DE-4A42-A5FC-99091FBED986}.Debug|Any CPU.Build.0 = Debug|Any CPU
		{CBCB35C4-A2DE-4A42-A5FC-99091FBED986}.Debug|x64.ActiveCfg = Debug|Any CPU
		{CBCB35C4-A2DE-4A42-A5FC-99091FBED986}.Debug|x64.Build.0 = Debug|Any CPU
		{CBCB35C4-A2DE-4A42-A5FC-99091FBED986}.Debug|x86.ActiveCfg = Debug|Any CPU
		{CBCB35C4-A2DE-4A42-A5FC-99091FBED986}.Debug|x86.Build.0 = Debug|Any CPU
		{CBCB35C4-A2DE-4A42-A5FC-99091FBED986}.Release|Any CPU.ActiveCfg = Release|Any CPU
		{CBCB35C4-A2DE-4A42-A5FC-99091FBED986}.Release|Any CPU.Build.0 = Release|Any CPU
		{CBCB35C4-A2DE-4A42-A5FC-99091FBED986}.Release|x64.ActiveCfg = Release|Any CPU
		{CBCB35C4-A2DE-4A42-A5FC-99091FBED986}.Release|x64.Build.0 = Release|Any CPU
		{CBCB35C4-A2DE-4A42-A5FC-99091FBED986}.Release|x86.ActiveCfg = Release|Any CPU
		{CBCB35C4-A2DE-4A42-A5FC-99091FBED986}.Release|x86.Build.0 = Release|Any CPU
	EndGlobalSection
EndGlobal
